// !$*UTF8*$!
{
	archiveVersion = 1;
	classes = {
	};
	objectVersion = 56;
	objects = {

/* Begin PBXBuildFile section */
		815B44DE2DD6092A009960D7 /* DeleteAccountPopup.swift in Sources */ = {isa = PBXBuildFile; fileRef = 815B44DD2DD6092A009960D7 /* DeleteAccountPopup.swift */; };
		81E985E82DD473E0003D5CCC /* Assets.xcassets in Resources */ = {isa = PBXBuildFile; fileRef = 81E985E72DD473E0003D5CCC /* Assets.xcassets */; };
		81E985EB2DD4746A003D5CCC /* Preview Assets.xcassets in Resources */ = {isa = PBXBuildFile; fileRef = 81E985E92DD4746A003D5CCC /* Preview Assets.xcassets */; };
		81E985F52DD4A546003D5CCC /* ProfileView.swift in Sources */ = {isa = PBXBuildFile; fileRef = 81E985F42DD4A546003D5CCC /* ProfileView.swift */; };
		81E985F72DD4C651003D5CCC /* EditProfileView.swift in Sources */ = {isa = PBXBuildFile; fileRef = 81E985F62DD4C651003D5CCC /* EditProfileView.swift */; };
		81E986922DD5DF4B003D5CCC /* ProfileFavPlayerView.swift in Sources */ = {isa = PBXBuildFile; fileRef = 81E986912DD5DF4B003D5CCC /* ProfileFavPlayerView.swift */; };
		AA0DFE652C24474C0071C77D /* VideosSmallContentItem.swift in Sources */ = {isa = PBXBuildFile; fileRef = AA0DFE642C24474C0071C77D /* VideosSmallContentItem.swift */; };
		AA0DFE672C24569A0071C77D /* VideosLargeContentItem.swift in Sources */ = {isa = PBXBuildFile; fileRef = AA0DFE662C24569A0071C77D /* VideosLargeContentItem.swift */; };
		AA0DFE692C245ADB0071C77D /* VideosListing.swift in Sources */ = {isa = PBXBuildFile; fileRef = AA0DFE682C245ADB0071C77D /* VideosListing.swift */; };
		AA0DFE6B2C2464600071C77D /* VideosDetail.swift in Sources */ = {isa = PBXBuildFile; fileRef = AA0DFE6A2C2464600071C77D /* VideosDetail.swift */; };
		AA19EC032C2C39AD003CBD95 /* CustomFonts.swift in Sources */ = {isa = PBXBuildFile; fileRef = AA19EC022C2C39AD003CBD95 /* CustomFonts.swift */; };
		AA19EC082C2C3C89003CBD95 /* Montserrat-Bold.ttf in Resources */ = {isa = PBXBuildFile; fileRef = AA19EC052C2C3C89003CBD95 /* Montserrat-Bold.ttf */; };
		AA19EC092C2C3C89003CBD95 /* Montserrat-Medium.ttf in Resources */ = {isa = PBXBuildFile; fileRef = AA19EC062C2C3C89003CBD95 /* Montserrat-Medium.ttf */; };
		AA19EC0A2C2C3C89003CBD95 /* Montserrat-Regular.ttf in Resources */ = {isa = PBXBuildFile; fileRef = AA19EC072C2C3C89003CBD95 /* Montserrat-Regular.ttf */; };
		AA19EC0C2C2C45EF003CBD95 /* HtmlWebView.swift in Sources */ = {isa = PBXBuildFile; fileRef = AA19EC0B2C2C45EF003CBD95 /* HtmlWebView.swift */; };
		AA236AE32C36D97D0080EF2E /* CustomTabBar.swift in Sources */ = {isa = PBXBuildFile; fileRef = AA236AE22C36D97D0080EF2E /* CustomTabBar.swift */; };
		AA236AE52C36D9A20080EF2E /* TabBarButton.swift in Sources */ = {isa = PBXBuildFile; fileRef = AA236AE42C36D9A20080EF2E /* TabBarButton.swift */; };
		AA4D8B3D2C22ACC9004C5319 /* PBKSSwiftUIApp.swift in Sources */ = {isa = PBXBuildFile; fileRef = AA4D8B3C2C22ACC9004C5319 /* PBKSSwiftUIApp.swift */; };
		AA4D8B3F2C22ACC9004C5319 /* ContentView.swift in Sources */ = {isa = PBXBuildFile; fileRef = AA4D8B3E2C22ACC9004C5319 /* ContentView.swift */; };
		AA4D8B502C22AEFD004C5319 /* NewsSmallContentItem.swift in Sources */ = {isa = PBXBuildFile; fileRef = AA4D8B4F2C22AEFD004C5319 /* NewsSmallContentItem.swift */; };
		AA4D8B522C22C250004C5319 /* NewsLargeContentItem.swift in Sources */ = {isa = PBXBuildFile; fileRef = AA4D8B512C22C250004C5319 /* NewsLargeContentItem.swift */; };
		AA4D8B542C22E52C004C5319 /* NewsListing.swift in Sources */ = {isa = PBXBuildFile; fileRef = AA4D8B532C22E52C004C5319 /* NewsListing.swift */; };
		AA4D8B562C230AB7004C5319 /* NewsDetail.swift in Sources */ = {isa = PBXBuildFile; fileRef = AA4D8B552C230AB7004C5319 /* NewsDetail.swift */; };
		AA6CA9DE2C32993000068934 /* CountryCode.swift in Sources */ = {isa = PBXBuildFile; fileRef = AA6CA9DD2C32993000068934 /* CountryCode.swift */; };
		AA6CA9E02C32A02D00068934 /* LoginOTP.swift in Sources */ = {isa = PBXBuildFile; fileRef = AA6CA9DF2C32A02D00068934 /* LoginOTP.swift */; };
		AA6CA9E22C32C2F400068934 /* HeaderImage.swift in Sources */ = {isa = PBXBuildFile; fileRef = AA6CA9E12C32C2F400068934 /* HeaderImage.swift */; };
		AA6CA9E42C32D60B00068934 /* LoginCompleteProfile.swift in Sources */ = {isa = PBXBuildFile; fileRef = AA6CA9E32C32D60B00068934 /* LoginCompleteProfile.swift */; };
		AA6CA9E82C32DE6500068934 /* Gender.swift in Sources */ = {isa = PBXBuildFile; fileRef = AA6CA9E72C32DE6500068934 /* Gender.swift */; };
		AA756E002C2957EA00C2D644 /* VideosData.swift in Sources */ = {isa = PBXBuildFile; fileRef = AA756DFF2C2957EA00C2D644 /* VideosData.swift */; };
		AA756E022C2A992100C2D644 /* SIFeedsListing.swift in Sources */ = {isa = PBXBuildFile; fileRef = AA756E012C2A992100C2D644 /* SIFeedsListing.swift */; };
		AA756E042C2AA1E100C2D644 /* ServiceManager.swift in Sources */ = {isa = PBXBuildFile; fileRef = AA756E032C2AA1E100C2D644 /* ServiceManager.swift */; };
		AA756E062C2AA41800C2D644 /* SIFeedsDetailsListing.swift in Sources */ = {isa = PBXBuildFile; fileRef = AA756E052C2AA41800C2D644 /* SIFeedsDetailsListing.swift */; };
		AA756E092C2AA75000C2D644 /* VideosVM.swift in Sources */ = {isa = PBXBuildFile; fileRef = AA756E082C2AA75000C2D644 /* VideosVM.swift */; };
		AA756E0C2C2AB17000C2D644 /* CommonUtilities.swift in Sources */ = {isa = PBXBuildFile; fileRef = AA756E0B2C2AB17000C2D644 /* CommonUtilities.swift */; };
		AA827EFF2C25A85B0057B745 /* VideoPlayerView.swift in Sources */ = {isa = PBXBuildFile; fileRef = AA827EFE2C25A85B0057B745 /* VideoPlayerView.swift */; };
		AA8EAA1D2C2D787C00AD7AAC /* NewsVM.swift in Sources */ = {isa = PBXBuildFile; fileRef = AA8EAA1C2C2D787C00AD7AAC /* NewsVM.swift */; };
		AA8EAA232C2EE74C00AD7AAC /* Login.swift in Sources */ = {isa = PBXBuildFile; fileRef = AA8EAA222C2EE74C00AD7AAC /* Login.swift */; };
		AAE8A6422DCA29EB004C9D90 /* BrightcovePlayerSDK in Frameworks */ = {isa = PBXBuildFile; productRef = AAE8A6412DCA29EB004C9D90 /* BrightcovePlayerSDK */; };
		AAE8A6462DCA3A45004C9D90 /* YouTubePlayerView.swift in Sources */ = {isa = PBXBuildFile; fileRef = AAE8A6452DCA3A45004C9D90 /* YouTubePlayerView.swift */; };
		AAE8A6492DCB38AF004C9D90 /* YouTubeiOSPlayerHelper in Frameworks */ = {isa = PBXBuildFile; productRef = AAE8A6482DCB38AF004C9D90 /* YouTubeiOSPlayerHelper */; };
		AAE8A64E2DCB44C1004C9D90 /* MenuView.swift in Sources */ = {isa = PBXBuildFile; fileRef = AAE8A64D2DCB44C1004C9D90 /* MenuView.swift */; };
		AAE8A6502DCB75D8004C9D90 /* WebView.swift in Sources */ = {isa = PBXBuildFile; fileRef = AAE8A64F2DCB75D8004C9D90 /* WebView.swift */; };
		AAE8A65F2DCC8FF2004C9D90 /* VerticalPoll.swift in Sources */ = {isa = PBXBuildFile; fileRef = AAE8A65E2DCC8FF2004C9D90 /* VerticalPoll.swift */; };
		AAE8A6612DCC9E35004C9D90 /* HomeVC.swift in Sources */ = {isa = PBXBuildFile; fileRef = AAE8A6602DCC9E35004C9D90 /* HomeVC.swift */; };
		AAE8A6632DCC9F4D004C9D90 /* BannerView.swift in Sources */ = {isa = PBXBuildFile; fileRef = AAE8A6622DCC9F4D004C9D90 /* BannerView.swift */; };
		AAE8A6652DCCA12A004C9D90 /* Shorts.swift in Sources */ = {isa = PBXBuildFile; fileRef = AAE8A6642DCCA12A004C9D90 /* Shorts.swift */; };
		AAE8A6672DCCBD90004C9D90 /* ScoreCard.swift in Sources */ = {isa = PBXBuildFile; fileRef = AAE8A6662DCCBD90004C9D90 /* ScoreCard.swift */; };
		AAE8A66B2DCCE90A004C9D90 /* FanPoll.swift in Sources */ = {isa = PBXBuildFile; fileRef = AAE8A66A2DCCE90A004C9D90 /* FanPoll.swift */; };
		AAE8A66D2DCCEB72004C9D90 /* HomeMoreView.swift in Sources */ = {isa = PBXBuildFile; fileRef = AAE8A66C2DCCEB72004C9D90 /* HomeMoreView.swift */; };
		AAE8A6712DCE1170004C9D90 /* PlayerData.swift in Sources */ = {isa = PBXBuildFile; fileRef = AAE8A6702DCE1170004C9D90 /* PlayerData.swift */; };
		AAE8A6732DD21AD4004C9D90 /* SaddaSquad.swift in Sources */ = {isa = PBXBuildFile; fileRef = AAE8A6722DD21AD4004C9D90 /* SaddaSquad.swift */; };
		AAE8A6752DD31DA4004C9D90 /* DealOfTheWeekView.swift in Sources */ = {isa = PBXBuildFile; fileRef = AAE8A6742DD31DA4004C9D90 /* DealOfTheWeekView.swift */; };
		AAE8A6772DD325BE004C9D90 /* ScoreCardLive.swift in Sources */ = {isa = PBXBuildFile; fileRef = AAE8A6762DD325BE004C9D90 /* ScoreCardLive.swift */; };
		AAE8A6792DD343D0004C9D90 /* ScoreCardUpcoming.swift in Sources */ = {isa = PBXBuildFile; fileRef = AAE8A6782DD343D0004C9D90 /* ScoreCardUpcoming.swift */; };
		AAE8A6812DD36DF3004C9D90 /* HomeSmallContentView.swift in Sources */ = {isa = PBXBuildFile; fileRef = AAE8A6802DD36DF3004C9D90 /* HomeSmallContentView.swift */; };
		AAE8A6832DD3773C004C9D90 /* HomeLargeContentView.swift in Sources */ = {isa = PBXBuildFile; fileRef = AAE8A6822DD3773C004C9D90 /* HomeLargeContentView.swift */; };
		AAE8A6852DD46B8C004C9D90 /* HomeVM.swift in Sources */ = {isa = PBXBuildFile; fileRef = AAE8A6842DD46B8C004C9D90 /* HomeVM.swift */; };
/* End PBXBuildFile section */

/* Begin PBXFileReference section */
		815B44DD2DD6092A009960D7 /* DeleteAccountPopup.swift */ = {isa = PBXFileReference; lastKnownFileType = sourcecode.swift; path = DeleteAccountPopup.swift; sourceTree = "<group>"; };
		81E985E72DD473E0003D5CCC /* Assets.xcassets */ = {isa = PBXFileReference; lastKnownFileType = folder.assetcatalog; path = Assets.xcassets; sourceTree = "<group>"; };
		81E985E92DD4746A003D5CCC /* Preview Assets.xcassets */ = {isa = PBXFileReference; lastKnownFileType = folder.assetcatalog; path = "Preview Assets.xcassets"; sourceTree = "<group>"; };
		81E985F42DD4A546003D5CCC /* ProfileView.swift */ = {isa = PBXFileReference; lastKnownFileType = sourcecode.swift; path = ProfileView.swift; sourceTree = "<group>"; };
		81E985F62DD4C651003D5CCC /* EditProfileView.swift */ = {isa = PBXFileReference; lastKnownFileType = sourcecode.swift; path = EditProfileView.swift; sourceTree = "<group>"; };
		81E986912DD5DF4B003D5CCC /* ProfileFavPlayerView.swift */ = {isa = PBXFileReference; lastKnownFileType = sourcecode.swift; path = ProfileFavPlayerView.swift; sourceTree = "<group>"; };
		AA0DFE642C24474C0071C77D /* VideosSmallContentItem.swift */ = {isa = PBXFileReference; lastKnownFileType = sourcecode.swift; path = VideosSmallContentItem.swift; sourceTree = "<group>"; };
		AA0DFE662C24569A0071C77D /* VideosLargeContentItem.swift */ = {isa = PBXFileReference; lastKnownFileType = sourcecode.swift; path = VideosLargeContentItem.swift; sourceTree = "<group>"; };
		AA0DFE682C245ADB0071C77D /* VideosListing.swift */ = {isa = PBXFileReference; lastKnownFileType = sourcecode.swift; path = VideosListing.swift; sourceTree = "<group>"; };
		AA0DFE6A2C2464600071C77D /* VideosDetail.swift */ = {isa = PBXFileReference; lastKnownFileType = sourcecode.swift; path = VideosDetail.swift; sourceTree = "<group>"; };
		AA19EC012C2C3306003CBD95 /* Info.plist */ = {isa = PBXFileReference; lastKnownFileType = text.plist; path = Info.plist; sourceTree = "<group>"; };
		AA19EC022C2C39AD003CBD95 /* CustomFonts.swift */ = {isa = PBXFileReference; lastKnownFileType = sourcecode.swift; path = CustomFonts.swift; sourceTree = "<group>"; };
		AA19EC052C2C3C89003CBD95 /* Montserrat-Bold.ttf */ = {isa = PBXFileReference; lastKnownFileType = file; path = "Montserrat-Bold.ttf"; sourceTree = "<group>"; };
		AA19EC062C2C3C89003CBD95 /* Montserrat-Medium.ttf */ = {isa = PBXFileReference; lastKnownFileType = file; path = "Montserrat-Medium.ttf"; sourceTree = "<group>"; };
		AA19EC072C2C3C89003CBD95 /* Montserrat-Regular.ttf */ = {isa = PBXFileReference; lastKnownFileType = file; path = "Montserrat-Regular.ttf"; sourceTree = "<group>"; };
		AA19EC0B2C2C45EF003CBD95 /* HtmlWebView.swift */ = {isa = PBXFileReference; lastKnownFileType = sourcecode.swift; path = HtmlWebView.swift; sourceTree = "<group>"; };
		AA236AE22C36D97D0080EF2E /* CustomTabBar.swift */ = {isa = PBXFileReference; lastKnownFileType = sourcecode.swift; path = CustomTabBar.swift; sourceTree = "<group>"; };
		AA236AE42C36D9A20080EF2E /* TabBarButton.swift */ = {isa = PBXFileReference; lastKnownFileType = sourcecode.swift; path = TabBarButton.swift; sourceTree = "<group>"; };
		AA4D8B392C22ACC9004C5319 /* PBKSSwiftUI.app */ = {isa = PBXFileReference; explicitFileType = wrapper.application; includeInIndex = 0; path = PBKSSwiftUI.app; sourceTree = BUILT_PRODUCTS_DIR; };
		AA4D8B3C2C22ACC9004C5319 /* PBKSSwiftUIApp.swift */ = {isa = PBXFileReference; lastKnownFileType = sourcecode.swift; path = PBKSSwiftUIApp.swift; sourceTree = "<group>"; };
		AA4D8B3E2C22ACC9004C5319 /* ContentView.swift */ = {isa = PBXFileReference; lastKnownFileType = sourcecode.swift; path = ContentView.swift; sourceTree = "<group>"; };
		AA4D8B4F2C22AEFD004C5319 /* NewsSmallContentItem.swift */ = {isa = PBXFileReference; lastKnownFileType = sourcecode.swift; path = NewsSmallContentItem.swift; sourceTree = "<group>"; };
		AA4D8B512C22C250004C5319 /* NewsLargeContentItem.swift */ = {isa = PBXFileReference; lastKnownFileType = sourcecode.swift; path = NewsLargeContentItem.swift; sourceTree = "<group>"; };
		AA4D8B532C22E52C004C5319 /* NewsListing.swift */ = {isa = PBXFileReference; lastKnownFileType = sourcecode.swift; path = NewsListing.swift; sourceTree = "<group>"; };
		AA4D8B552C230AB7004C5319 /* NewsDetail.swift */ = {isa = PBXFileReference; lastKnownFileType = sourcecode.swift; path = NewsDetail.swift; sourceTree = "<group>"; };
		AA6CA9DD2C32993000068934 /* CountryCode.swift */ = {isa = PBXFileReference; lastKnownFileType = sourcecode.swift; path = CountryCode.swift; sourceTree = "<group>"; };
		AA6CA9DF2C32A02D00068934 /* LoginOTP.swift */ = {isa = PBXFileReference; lastKnownFileType = sourcecode.swift; path = LoginOTP.swift; sourceTree = "<group>"; };
		AA6CA9E12C32C2F400068934 /* HeaderImage.swift */ = {isa = PBXFileReference; lastKnownFileType = sourcecode.swift; path = HeaderImage.swift; sourceTree = "<group>"; };
		AA6CA9E32C32D60B00068934 /* LoginCompleteProfile.swift */ = {isa = PBXFileReference; lastKnownFileType = sourcecode.swift; path = LoginCompleteProfile.swift; sourceTree = "<group>"; };
		AA6CA9E72C32DE6500068934 /* Gender.swift */ = {isa = PBXFileReference; lastKnownFileType = sourcecode.swift; path = Gender.swift; sourceTree = "<group>"; };
		AA756DFF2C2957EA00C2D644 /* VideosData.swift */ = {isa = PBXFileReference; lastKnownFileType = sourcecode.swift; path = VideosData.swift; sourceTree = "<group>"; };
		AA756E012C2A992100C2D644 /* SIFeedsListing.swift */ = {isa = PBXFileReference; lastKnownFileType = sourcecode.swift; path = SIFeedsListing.swift; sourceTree = "<group>"; };
		AA756E032C2AA1E100C2D644 /* ServiceManager.swift */ = {isa = PBXFileReference; lastKnownFileType = sourcecode.swift; path = ServiceManager.swift; sourceTree = "<group>"; };
		AA756E052C2AA41800C2D644 /* SIFeedsDetailsListing.swift */ = {isa = PBXFileReference; lastKnownFileType = sourcecode.swift; path = SIFeedsDetailsListing.swift; sourceTree = "<group>"; };
		AA756E082C2AA75000C2D644 /* VideosVM.swift */ = {isa = PBXFileReference; lastKnownFileType = sourcecode.swift; path = VideosVM.swift; sourceTree = "<group>"; };
		AA756E0B2C2AB17000C2D644 /* CommonUtilities.swift */ = {isa = PBXFileReference; lastKnownFileType = sourcecode.swift; path = CommonUtilities.swift; sourceTree = "<group>"; };
		AA827EFE2C25A85B0057B745 /* VideoPlayerView.swift */ = {isa = PBXFileReference; lastKnownFileType = sourcecode.swift; path = VideoPlayerView.swift; sourceTree = "<group>"; };
		AA8EAA1C2C2D787C00AD7AAC /* NewsVM.swift */ = {isa = PBXFileReference; lastKnownFileType = sourcecode.swift; path = NewsVM.swift; sourceTree = "<group>"; };
		AA8EAA222C2EE74C00AD7AAC /* Login.swift */ = {isa = PBXFileReference; lastKnownFileType = sourcecode.swift; path = Login.swift; sourceTree = "<group>"; };
		AAE8A6452DCA3A45004C9D90 /* YouTubePlayerView.swift */ = {isa = PBXFileReference; lastKnownFileType = sourcecode.swift; path = YouTubePlayerView.swift; sourceTree = "<group>"; };
		AAE8A64D2DCB44C1004C9D90 /* MenuView.swift */ = {isa = PBXFileReference; lastKnownFileType = sourcecode.swift; path = MenuView.swift; sourceTree = "<group>"; };
		AAE8A64F2DCB75D8004C9D90 /* WebView.swift */ = {isa = PBXFileReference; lastKnownFileType = sourcecode.swift; path = WebView.swift; sourceTree = "<group>"; };
		AAE8A65E2DCC8FF2004C9D90 /* VerticalPoll.swift */ = {isa = PBXFileReference; lastKnownFileType = sourcecode.swift; path = VerticalPoll.swift; sourceTree = "<group>"; };
		AAE8A6602DCC9E35004C9D90 /* HomeVC.swift */ = {isa = PBXFileReference; lastKnownFileType = sourcecode.swift; path = HomeVC.swift; sourceTree = "<group>"; };
		AAE8A6622DCC9F4D004C9D90 /* BannerView.swift */ = {isa = PBXFileReference; lastKnownFileType = sourcecode.swift; path = BannerView.swift; sourceTree = "<group>"; };
		AAE8A6642DCCA12A004C9D90 /* Shorts.swift */ = {isa = PBXFileReference; lastKnownFileType = sourcecode.swift; path = Shorts.swift; sourceTree = "<group>"; };
		AAE8A6662DCCBD90004C9D90 /* ScoreCard.swift */ = {isa = PBXFileReference; lastKnownFileType = sourcecode.swift; path = ScoreCard.swift; sourceTree = "<group>"; };
		AAE8A66A2DCCE90A004C9D90 /* FanPoll.swift */ = {isa = PBXFileReference; lastKnownFileType = sourcecode.swift; path = FanPoll.swift; sourceTree = "<group>"; };
		AAE8A66C2DCCEB72004C9D90 /* HomeMoreView.swift */ = {isa = PBXFileReference; lastKnownFileType = sourcecode.swift; path = HomeMoreView.swift; sourceTree = "<group>"; };
		AAE8A6702DCE1170004C9D90 /* PlayerData.swift */ = {isa = PBXFileReference; lastKnownFileType = sourcecode.swift; path = PlayerData.swift; sourceTree = "<group>"; };
		AAE8A6722DD21AD4004C9D90 /* SaddaSquad.swift */ = {isa = PBXFileReference; lastKnownFileType = sourcecode.swift; path = SaddaSquad.swift; sourceTree = "<group>"; };
		AAE8A6742DD31DA4004C9D90 /* DealOfTheWeekView.swift */ = {isa = PBXFileReference; lastKnownFileType = sourcecode.swift; path = DealOfTheWeekView.swift; sourceTree = "<group>"; };
		AAE8A6762DD325BE004C9D90 /* ScoreCardLive.swift */ = {isa = PBXFileReference; lastKnownFileType = sourcecode.swift; path = ScoreCardLive.swift; sourceTree = "<group>"; };
		AAE8A6782DD343D0004C9D90 /* ScoreCardUpcoming.swift */ = {isa = PBXFileReference; lastKnownFileType = sourcecode.swift; path = ScoreCardUpcoming.swift; sourceTree = "<group>"; };
		AAE8A6802DD36DF3004C9D90 /* HomeSmallContentView.swift */ = {isa = PBXFileReference; lastKnownFileType = sourcecode.swift; path = HomeSmallContentView.swift; sourceTree = "<group>"; };
		AAE8A6822DD3773C004C9D90 /* HomeLargeContentView.swift */ = {isa = PBXFileReference; lastKnownFileType = sourcecode.swift; path = HomeLargeContentView.swift; sourceTree = "<group>"; };
		AAE8A6842DD46B8C004C9D90 /* HomeVM.swift */ = {isa = PBXFileReference; lastKnownFileType = sourcecode.swift; path = HomeVM.swift; sourceTree = "<group>"; };
/* End PBXFileReference section */

/* Begin PBXFrameworksBuildPhase section */
		AA4D8B362C22ACC9004C5319 /* Frameworks */ = {
			isa = PBXFrameworksBuildPhase;
			buildActionMask = 2147483647;
			files = (
				AAE8A6422DCA29EB004C9D90 /* BrightcovePlayerSDK in Frameworks */,
				AAE8A6492DCB38AF004C9D90 /* YouTubeiOSPlayerHelper in Frameworks */,
			);
			runOnlyForDeploymentPostprocessing = 0;
		};
/* End PBXFrameworksBuildPhase section */

/* Begin PBXGroup section */
		81E985EA2DD4746A003D5CCC /* Preview Content */ = {
			isa = PBXGroup;
			children = (
				81E985E92DD4746A003D5CCC /* Preview Assets.xcassets */,
			);
			path = "Preview Content";
			sourceTree = "<group>";
		};
		81E985F32DD4A52C003D5CCC /* Profile */ = {
			isa = PBXGroup;
			children = (
				815B44DD2DD6092A009960D7 /* DeleteAccountPopup.swift */,
				81E985F42DD4A546003D5CCC /* ProfileView.swift */,
				81E985F62DD4C651003D5CCC /* EditProfileView.swift */,
				81E986912DD5DF4B003D5CCC /* ProfileFavPlayerView.swift */,
			);
			path = Profile;
			sourceTree = "<group>";
		};
		AA0DFE612C2424620071C77D /* Videos */ = {
			isa = PBXGroup;
			children = (
				AAE8A6592DCC8E8A004C9D90 /* ViewController */,
				AA756E072C2AA71500C2D644 /* View Model */,
				AA756DFE2C2957CC00C2D644 /* Model */,
				AA0DFE632C2424770071C77D /* Views */,
			);
			path = Videos;
			sourceTree = "<group>";
		};
		AA0DFE622C24246D0071C77D /* News */ = {
			isa = PBXGroup;
			children = (
				AAE8A65A2DCC8EC6004C9D90 /* ViewController */,
				AA8EAA1B2C2D785E00AD7AAC /* View Model */,
				AA4D8B4A2C22AD7E004C5319 /* Views */,
			);
			path = News;
			sourceTree = "<group>";
		};
		AA0DFE632C2424770071C77D /* Views */ = {
			isa = PBXGroup;
			children = (
				AA0DFE642C24474C0071C77D /* VideosSmallContentItem.swift */,
				AA0DFE662C24569A0071C77D /* VideosLargeContentItem.swift */,
				AA827EFE2C25A85B0057B745 /* VideoPlayerView.swift */,
			);
			path = Views;
			sourceTree = "<group>";
		};
		AA19EC042C2C3C7B003CBD95 /* Fonts */ = {
			isa = PBXGroup;
			children = (
				AA19EC052C2C3C89003CBD95 /* Montserrat-Bold.ttf */,
				AA19EC062C2C3C89003CBD95 /* Montserrat-Medium.ttf */,
				AA19EC072C2C3C89003CBD95 /* Montserrat-Regular.ttf */,
			);
			path = Fonts;
			sourceTree = "<group>";
		};
		AA236AE12C36D9610080EF2E /* Custom Tab Bar */ = {
			isa = PBXGroup;
			children = (
				AA236AE22C36D97D0080EF2E /* CustomTabBar.swift */,
				AA236AE42C36D9A20080EF2E /* TabBarButton.swift */,
			);
			path = "Custom Tab Bar";
			sourceTree = "<group>";
		};
		AA4D8B302C22ACC9004C5319 = {
			isa = PBXGroup;
			children = (
				AA4D8B3B2C22ACC9004C5319 /* PBKSSwiftUI */,
				AA4D8B3A2C22ACC9004C5319 /* Products */,
			);
			sourceTree = "<group>";
		};
		AA4D8B3A2C22ACC9004C5319 /* Products */ = {
			isa = PBXGroup;
			children = (
				AA4D8B392C22ACC9004C5319 /* PBKSSwiftUI.app */,
			);
			name = Products;
			sourceTree = "<group>";
		};
		AA4D8B3B2C22ACC9004C5319 /* PBKSSwiftUI */ = {
			isa = PBXGroup;
			children = (
				81E985F32DD4A52C003D5CCC /* Profile */,
				81E985EA2DD4746A003D5CCC /* Preview Content */,
				81E985E72DD473E0003D5CCC /* Assets.xcassets */,
				AAE8A6572DCC8E67004C9D90 /* Home */,
				AA236AE12C36D9610080EF2E /* Custom Tab Bar */,
				AA19EC042C2C3C7B003CBD95 /* Fonts */,
				AA19EC012C2C3306003CBD95 /* Info.plist */,
				AA756E0A2C2AB15400C2D644 /* CommonUtilities */,
				AA4D8B3C2C22ACC9004C5319 /* PBKSSwiftUIApp.swift */,
				AA4D8B3E2C22ACC9004C5319 /* ContentView.swift */,
				AA756E032C2AA1E100C2D644 /* ServiceManager.swift */,
				AA19EC022C2C39AD003CBD95 /* CustomFonts.swift */,
				AA19EC0B2C2C45EF003CBD95 /* HtmlWebView.swift */,
				AAE8A6452DCA3A45004C9D90 /* YouTubePlayerView.swift */,
				AA8EAA1E2C2EE64C00AD7AAC /* Login */,
				AA0DFE622C24246D0071C77D /* News */,
				AA0DFE612C2424620071C77D /* Videos */,
				AAE8A64B2DCB448C004C9D90 /* Menu */,
			);
			path = PBKSSwiftUI;
			sourceTree = "<group>";
		};
		AA4D8B4A2C22AD7E004C5319 /* Views */ = {
			isa = PBXGroup;
			children = (
				AA4D8B4F2C22AEFD004C5319 /* NewsSmallContentItem.swift */,
				AA4D8B512C22C250004C5319 /* NewsLargeContentItem.swift */,
			);
			path = Views;
			sourceTree = "<group>";
		};
		AA6CA9DC2C32992100068934 /* Model */ = {
			isa = PBXGroup;
			children = (
				AA6CA9DD2C32993000068934 /* CountryCode.swift */,
				AA6CA9E72C32DE6500068934 /* Gender.swift */,
			);
			path = Model;
			sourceTree = "<group>";
		};
		AA756DFE2C2957CC00C2D644 /* Model */ = {
			isa = PBXGroup;
			children = (
				AA756DFF2C2957EA00C2D644 /* VideosData.swift */,
			);
			path = Model;
			sourceTree = "<group>";
		};
		AA756E072C2AA71500C2D644 /* View Model */ = {
			isa = PBXGroup;
			children = (
				AA756E082C2AA75000C2D644 /* VideosVM.swift */,
			);
			path = "View Model";
			sourceTree = "<group>";
		};
		AA756E0A2C2AB15400C2D644 /* CommonUtilities */ = {
			isa = PBXGroup;
			children = (
				AA756E012C2A992100C2D644 /* SIFeedsListing.swift */,
				AA756E052C2AA41800C2D644 /* SIFeedsDetailsListing.swift */,
				AA756E0B2C2AB17000C2D644 /* CommonUtilities.swift */,
				AAE8A64F2DCB75D8004C9D90 /* WebView.swift */,
			);
			path = CommonUtilities;
			sourceTree = "<group>";
		};
		AA8EAA1B2C2D785E00AD7AAC /* View Model */ = {
			isa = PBXGroup;
			children = (
				AA8EAA1C2C2D787C00AD7AAC /* NewsVM.swift */,
			);
			path = "View Model";
			sourceTree = "<group>";
		};
		AA8EAA1E2C2EE64C00AD7AAC /* Login */ = {
			isa = PBXGroup;
			children = (
				AA6CA9DC2C32992100068934 /* Model */,
				AA8EAA1F2C2EE65E00AD7AAC /* Views */,
			);
			path = Login;
			sourceTree = "<group>";
		};
		AA8EAA1F2C2EE65E00AD7AAC /* Views */ = {
			isa = PBXGroup;
			children = (
				AA8EAA222C2EE74C00AD7AAC /* Login.swift */,
				AA6CA9DF2C32A02D00068934 /* LoginOTP.swift */,
				AA6CA9E12C32C2F400068934 /* HeaderImage.swift */,
				AA6CA9E32C32D60B00068934 /* LoginCompleteProfile.swift */,
			);
			path = Views;
			sourceTree = "<group>";
		};
		AAE8A64B2DCB448C004C9D90 /* Menu */ = {
			isa = PBXGroup;
			children = (
				AAE8A64C2DCB44A5004C9D90 /* Views */,
			);
			path = Menu;
			sourceTree = "<group>";
		};
		AAE8A64C2DCB44A5004C9D90 /* Views */ = {
			isa = PBXGroup;
			children = (
				AAE8A64D2DCB44C1004C9D90 /* MenuView.swift */,
			);
			path = Views;
			sourceTree = "<group>";
		};
		AAE8A6572DCC8E67004C9D90 /* Home */ = {
			isa = PBXGroup;
			children = (
				AAE8A65D2DCC8F1F004C9D90 /* ViewController */,
				AAE8A65C2DCC8F15004C9D90 /* View Model */,
				AAE8A65B2DCC8F0C004C9D90 /* Views */,
				AAE8A6582DCC8E75004C9D90 /* Model */,
			);
			path = Home;
			sourceTree = "<group>";
		};
		AAE8A6582DCC8E75004C9D90 /* Model */ = {
			isa = PBXGroup;
			children = (
				AAE8A6702DCE1170004C9D90 /* PlayerData.swift */,
			);
			path = Model;
			sourceTree = "<group>";
		};
		AAE8A6592DCC8E8A004C9D90 /* ViewController */ = {
			isa = PBXGroup;
			children = (
				AA0DFE682C245ADB0071C77D /* VideosListing.swift */,
				AA0DFE6A2C2464600071C77D /* VideosDetail.swift */,
			);
			path = ViewController;
			sourceTree = "<group>";
		};
		AAE8A65A2DCC8EC6004C9D90 /* ViewController */ = {
			isa = PBXGroup;
			children = (
				AA4D8B532C22E52C004C5319 /* NewsListing.swift */,
				AA4D8B552C230AB7004C5319 /* NewsDetail.swift */,
			);
			path = ViewController;
			sourceTree = "<group>";
		};
		AAE8A65B2DCC8F0C004C9D90 /* Views */ = {
			isa = PBXGroup;
			children = (
				AAE8A65E2DCC8FF2004C9D90 /* VerticalPoll.swift */,
				AAE8A6622DCC9F4D004C9D90 /* BannerView.swift */,
				AAE8A6642DCCA12A004C9D90 /* Shorts.swift */,
				AAE8A6662DCCBD90004C9D90 /* ScoreCard.swift */,
				AAE8A66A2DCCE90A004C9D90 /* FanPoll.swift */,
				AAE8A66C2DCCEB72004C9D90 /* HomeMoreView.swift */,
				AAE8A6722DD21AD4004C9D90 /* SaddaSquad.swift */,
				AAE8A6742DD31DA4004C9D90 /* DealOfTheWeekView.swift */,
				AAE8A6762DD325BE004C9D90 /* ScoreCardLive.swift */,
				AAE8A6782DD343D0004C9D90 /* ScoreCardUpcoming.swift */,
				AAE8A6802DD36DF3004C9D90 /* HomeSmallContentView.swift */,
				AAE8A6822DD3773C004C9D90 /* HomeLargeContentView.swift */,
			);
			path = Views;
			sourceTree = "<group>";
		};
		AAE8A65C2DCC8F15004C9D90 /* View Model */ = {
			isa = PBXGroup;
			children = (
				AAE8A6842DD46B8C004C9D90 /* HomeVM.swift */,
			);
			path = "View Model";
			sourceTree = "<group>";
		};
		AAE8A65D2DCC8F1F004C9D90 /* ViewController */ = {
			isa = PBXGroup;
			children = (
				AAE8A6602DCC9E35004C9D90 /* HomeVC.swift */,
			);
			path = ViewController;
			sourceTree = "<group>";
		};
/* End PBXGroup section */

/* Begin PBXNativeTarget section */
		AA4D8B382C22ACC9004C5319 /* PBKSSwiftUI */ = {
			isa = PBXNativeTarget;
			buildConfigurationList = AA4D8B472C22ACCA004C5319 /* Build configuration list for PBXNativeTarget "PBKSSwiftUI" */;
			buildPhases = (
				AA4D8B352C22ACC9004C5319 /* Sources */,
				AA4D8B362C22ACC9004C5319 /* Frameworks */,
				AA4D8B372C22ACC9004C5319 /* Resources */,
			);
			buildRules = (
			);
			dependencies = (
			);
			name = PBKSSwiftUI;
			productName = PBKSSwiftUI;
			productReference = AA4D8B392C22ACC9004C5319 /* PBKSSwiftUI.app */;
			productType = "com.apple.product-type.application";
		};
/* End PBXNativeTarget section */

/* Begin PBXProject section */
		AA4D8B312C22ACC9004C5319 /* Project object */ = {
			isa = PBXProject;
			attributes = {
				BuildIndependentTargetsInParallel = 1;
				LastSwiftUpdateCheck = 1500;
				LastUpgradeCheck = 1500;
				TargetAttributes = {
					AA4D8B382C22ACC9004C5319 = {
						CreatedOnToolsVersion = 15.0.1;
					};
				};
			};
			buildConfigurationList = AA4D8B342C22ACC9004C5319 /* Build configuration list for PBXProject "PBKSSwiftUI" */;
			compatibilityVersion = "Xcode 14.0";
			developmentRegion = en;
			hasScannedForEncodings = 0;
			knownRegions = (
				en,
				Base,
			);
			mainGroup = AA4D8B302C22ACC9004C5319;
			packageReferences = (
				AAE8A6402DCA29EB004C9D90 /* XCRemoteSwiftPackageReference "brightcove-player-sdk-ios" */,
				AAE8A6472DCB38AF004C9D90 /* XCRemoteSwiftPackageReference "youtube-ios-player-helper" */,
			);
			productRefGroup = AA4D8B3A2C22ACC9004C5319 /* Products */;
			projectDirPath = "";
			projectRoot = "";
			targets = (
				AA4D8B382C22ACC9004C5319 /* PBKSSwiftUI */,
			);
		};
/* End PBXProject section */

/* Begin PBXResourcesBuildPhase section */
		AA4D8B372C22ACC9004C5319 /* Resources */ = {
			isa = PBXResourcesBuildPhase;
			buildActionMask = 2147483647;
			files = (
				AA19EC092C2C3C89003CBD95 /* Montserrat-Medium.ttf in Resources */,
				AA19EC0A2C2C3C89003CBD95 /* Montserrat-Regular.ttf in Resources */,
				81E985EB2DD4746A003D5CCC /* Preview Assets.xcassets in Resources */,
				AA19EC082C2C3C89003CBD95 /* Montserrat-Bold.ttf in Resources */,
				81E985E82DD473E0003D5CCC /* Assets.xcassets in Resources */,
			);
			runOnlyForDeploymentPostprocessing = 0;
		};
/* End PBXResourcesBuildPhase section */

/* Begin PBXSourcesBuildPhase section */
		AA4D8B352C22ACC9004C5319 /* Sources */ = {
			isa = PBXSourcesBuildPhase;
			buildActionMask = 2147483647;
			files = (
				AA6CA9E22C32C2F400068934 /* HeaderImage.swift in Sources */,
				AAE8A6812DD36DF3004C9D90 /* HomeSmallContentView.swift in Sources */,
				AA8EAA232C2EE74C00AD7AAC /* Login.swift in Sources */,
				AA0DFE692C245ADB0071C77D /* VideosListing.swift in Sources */,
				81E985F52DD4A546003D5CCC /* ProfileView.swift in Sources */,
				AAE8A6502DCB75D8004C9D90 /* WebView.swift in Sources */,
				AA6CA9E42C32D60B00068934 /* LoginCompleteProfile.swift in Sources */,
				AAE8A66B2DCCE90A004C9D90 /* FanPoll.swift in Sources */,
				AAE8A6732DD21AD4004C9D90 /* SaddaSquad.swift in Sources */,
				AA236AE32C36D97D0080EF2E /* CustomTabBar.swift in Sources */,
				AA756E022C2A992100C2D644 /* SIFeedsListing.swift in Sources */,
				AA19EC0C2C2C45EF003CBD95 /* HtmlWebView.swift in Sources */,
				AA756E0C2C2AB17000C2D644 /* CommonUtilities.swift in Sources */,
				AAE8A6612DCC9E35004C9D90 /* HomeVC.swift in Sources */,
				AA19EC032C2C39AD003CBD95 /* CustomFonts.swift in Sources */,
				AA6CA9E82C32DE6500068934 /* Gender.swift in Sources */,
				AA4D8B502C22AEFD004C5319 /* NewsSmallContentItem.swift in Sources */,
				AA756E062C2AA41800C2D644 /* SIFeedsDetailsListing.swift in Sources */,
				81E986922DD5DF4B003D5CCC /* ProfileFavPlayerView.swift in Sources */,
				81E985F72DD4C651003D5CCC /* EditProfileView.swift in Sources */,
				AAE8A6852DD46B8C004C9D90 /* HomeVM.swift in Sources */,
				AA4D8B3F2C22ACC9004C5319 /* ContentView.swift in Sources */,
				AA827EFF2C25A85B0057B745 /* VideoPlayerView.swift in Sources */,
				AA756E092C2AA75000C2D644 /* VideosVM.swift in Sources */,
				AA6CA9DE2C32993000068934 /* CountryCode.swift in Sources */,
				AA756E042C2AA1E100C2D644 /* ServiceManager.swift in Sources */,
				AA4D8B542C22E52C004C5319 /* NewsListing.swift in Sources */,
				AAE8A6652DCCA12A004C9D90 /* Shorts.swift in Sources */,
				AA0DFE6B2C2464600071C77D /* VideosDetail.swift in Sources */,
				815B44DE2DD6092A009960D7 /* DeleteAccountPopup.swift in Sources */,
				AA6CA9E02C32A02D00068934 /* LoginOTP.swift in Sources */,
				AA4D8B3D2C22ACC9004C5319 /* PBKSSwiftUIApp.swift in Sources */,
				AAE8A6672DCCBD90004C9D90 /* ScoreCard.swift in Sources */,
				AAE8A6712DCE1170004C9D90 /* PlayerData.swift in Sources */,
				AAE8A6792DD343D0004C9D90 /* ScoreCardUpcoming.swift in Sources */,
				AA4D8B522C22C250004C5319 /* NewsLargeContentItem.swift in Sources */,
				AA0DFE652C24474C0071C77D /* VideosSmallContentItem.swift in Sources */,
				AA0DFE672C24569A0071C77D /* VideosLargeContentItem.swift in Sources */,
				AA4D8B562C230AB7004C5319 /* NewsDetail.swift in Sources */,
				AAE8A6752DD31DA4004C9D90 /* DealOfTheWeekView.swift in Sources */,
				AAE8A64E2DCB44C1004C9D90 /* MenuView.swift in Sources */,
				AAE8A6462DCA3A45004C9D90 /* YouTubePlayerView.swift in Sources */,
				AAE8A66D2DCCEB72004C9D90 /* HomeMoreView.swift in Sources */,
				AA236AE52C36D9A20080EF2E /* TabBarButton.swift in Sources */,
				AA756E002C2957EA00C2D644 /* VideosData.swift in Sources */,
				AAE8A6772DD325BE004C9D90 /* ScoreCardLive.swift in Sources */,
				AAE8A65F2DCC8FF2004C9D90 /* VerticalPoll.swift in Sources */,
				AAE8A6632DCC9F4D004C9D90 /* BannerView.swift in Sources */,
				AAE8A6832DD3773C004C9D90 /* HomeLargeContentView.swift in Sources */,
				AA8EAA1D2C2D787C00AD7AAC /* NewsVM.swift in Sources */,
			);
			runOnlyForDeploymentPostprocessing = 0;
		};
/* End PBXSourcesBuildPhase section */

/* Begin XCBuildConfiguration section */
		AA4D8B452C22ACCA004C5319 /* Debug */ = {
			isa = XCBuildConfiguration;
			buildSettings = {
				ALWAYS_SEARCH_USER_PATHS = NO;
				ASSETCATALOG_COMPILER_GENERATE_SWIFT_ASSET_SYMBOL_EXTENSIONS = YES;
				CLANG_ANALYZER_NONNULL = YES;
				CLANG_ANALYZER_NUMBER_OBJECT_CONVERSION = YES_AGGRESSIVE;
				CLANG_CXX_LANGUAGE_STANDARD = "gnu++20";
				CLANG_ENABLE_MODULES = YES;
				CLANG_ENABLE_OBJC_ARC = YES;
				CLANG_ENABLE_OBJC_WEAK = YES;
				CLANG_WARN_BLOCK_CAPTURE_AUTORELEASING = YES;
				CLANG_WARN_BOOL_CONVERSION = YES;
				CLANG_WARN_COMMA = YES;
				CLANG_WARN_CONSTANT_CONVERSION = YES;
				CLANG_WARN_DEPRECATED_OBJC_IMPLEMENTATIONS = YES;
				CLANG_WARN_DIRECT_OBJC_ISA_USAGE = YES_ERROR;
				CLANG_WARN_DOCUMENTATION_COMMENTS = YES;
				CLANG_WARN_EMPTY_BODY = YES;
				CLANG_WARN_ENUM_CONVERSION = YES;
				CLANG_WARN_INFINITE_RECURSION = YES;
				CLANG_WARN_INT_CONVERSION = YES;
				CLANG_WARN_NON_LITERAL_NULL_CONVERSION = YES;
				CLANG_WARN_OBJC_IMPLICIT_RETAIN_SELF = YES;
				CLANG_WARN_OBJC_LITERAL_CONVERSION = YES;
				CLANG_WARN_OBJC_ROOT_CLASS = YES_ERROR;
				CLANG_WARN_QUOTED_INCLUDE_IN_FRAMEWORK_HEADER = YES;
				CLANG_WARN_RANGE_LOOP_ANALYSIS = YES;
				CLANG_WARN_STRICT_PROTOTYPES = YES;
				CLANG_WARN_SUSPICIOUS_MOVE = YES;
				CLANG_WARN_UNGUARDED_AVAILABILITY = YES_AGGRESSIVE;
				CLANG_WARN_UNREACHABLE_CODE = YES;
				CLANG_WARN__DUPLICATE_METHOD_MATCH = YES;
				COPY_PHASE_STRIP = NO;
				DEBUG_INFORMATION_FORMAT = dwarf;
				ENABLE_STRICT_OBJC_MSGSEND = YES;
				ENABLE_TESTABILITY = YES;
				ENABLE_USER_SCRIPT_SANDBOXING = YES;
				GCC_C_LANGUAGE_STANDARD = gnu17;
				GCC_DYNAMIC_NO_PIC = NO;
				GCC_NO_COMMON_BLOCKS = YES;
				GCC_OPTIMIZATION_LEVEL = 0;
				GCC_PREPROCESSOR_DEFINITIONS = (
					"DEBUG=1",
					"$(inherited)",
				);
				GCC_WARN_64_TO_32_BIT_CONVERSION = YES;
				GCC_WARN_ABOUT_RETURN_TYPE = YES_ERROR;
				GCC_WARN_UNDECLARED_SELECTOR = YES;
				GCC_WARN_UNINITIALIZED_AUTOS = YES_AGGRESSIVE;
				GCC_WARN_UNUSED_FUNCTION = YES;
				GCC_WARN_UNUSED_VARIABLE = YES;
				IPHONEOS_DEPLOYMENT_TARGET = 17.0;
				LOCALIZATION_PREFERS_STRING_CATALOGS = YES;
				MTL_ENABLE_DEBUG_INFO = INCLUDE_SOURCE;
				MTL_FAST_MATH = YES;
				ONLY_ACTIVE_ARCH = YES;
				SDKROOT = iphoneos;
				SWIFT_ACTIVE_COMPILATION_CONDITIONS = "DEBUG $(inherited)";
				SWIFT_OPTIMIZATION_LEVEL = "-Onone";
			};
			name = Debug;
		};
		AA4D8B462C22ACCA004C5319 /* Release */ = {
			isa = XCBuildConfiguration;
			buildSettings = {
				ALWAYS_SEARCH_USER_PATHS = NO;
				ASSETCATALOG_COMPILER_GENERATE_SWIFT_ASSET_SYMBOL_EXTENSIONS = YES;
				CLANG_ANALYZER_NONNULL = YES;
				CLANG_ANALYZER_NUMBER_OBJECT_CONVERSION = YES_AGGRESSIVE;
				CLANG_CXX_LANGUAGE_STANDARD = "gnu++20";
				CLANG_ENABLE_MODULES = YES;
				CLANG_ENABLE_OBJC_ARC = YES;
				CLANG_ENABLE_OBJC_WEAK = YES;
				CLANG_WARN_BLOCK_CAPTURE_AUTORELEASING = YES;
				CLANG_WARN_BOOL_CONVERSION = YES;
				CLANG_WARN_COMMA = YES;
				CLANG_WARN_CONSTANT_CONVERSION = YES;
				CLANG_WARN_DEPRECATED_OBJC_IMPLEMENTATIONS = YES;
				CLANG_WARN_DIRECT_OBJC_ISA_USAGE = YES_ERROR;
				CLANG_WARN_DOCUMENTATION_COMMENTS = YES;
				CLANG_WARN_EMPTY_BODY = YES;
				CLANG_WARN_ENUM_CONVERSION = YES;
				CLANG_WARN_INFINITE_RECURSION = YES;
				CLANG_WARN_INT_CONVERSION = YES;
				CLANG_WARN_NON_LITERAL_NULL_CONVERSION = YES;
				CLANG_WARN_OBJC_IMPLICIT_RETAIN_SELF = YES;
				CLANG_WARN_OBJC_LITERAL_CONVERSION = YES;
				CLANG_WARN_OBJC_ROOT_CLASS = YES_ERROR;
				CLANG_WARN_QUOTED_INCLUDE_IN_FRAMEWORK_HEADER = YES;
				CLANG_WARN_RANGE_LOOP_ANALYSIS = YES;
				CLANG_WARN_STRICT_PROTOTYPES = YES;
				CLANG_WARN_SUSPICIOUS_MOVE = YES;
				CLANG_WARN_UNGUARDED_AVAILABILITY = YES_AGGRESSIVE;
				CLANG_WARN_UNREACHABLE_CODE = YES;
				CLANG_WARN__DUPLICATE_METHOD_MATCH = YES;
				COPY_PHASE_STRIP = NO;
				DEBUG_INFORMATION_FORMAT = "dwarf-with-dsym";
				ENABLE_NS_ASSERTIONS = NO;
				ENABLE_STRICT_OBJC_MSGSEND = YES;
				ENABLE_USER_SCRIPT_SANDBOXING = YES;
				GCC_C_LANGUAGE_STANDARD = gnu17;
				GCC_NO_COMMON_BLOCKS = YES;
				GCC_WARN_64_TO_32_BIT_CONVERSION = YES;
				GCC_WARN_ABOUT_RETURN_TYPE = YES_ERROR;
				GCC_WARN_UNDECLARED_SELECTOR = YES;
				GCC_WARN_UNINITIALIZED_AUTOS = YES_AGGRESSIVE;
				GCC_WARN_UNUSED_FUNCTION = YES;
				GCC_WARN_UNUSED_VARIABLE = YES;
				IPHONEOS_DEPLOYMENT_TARGET = 17.0;
				LOCALIZATION_PREFERS_STRING_CATALOGS = YES;
				MTL_ENABLE_DEBUG_INFO = NO;
				MTL_FAST_MATH = YES;
				SDKROOT = iphoneos;
				SWIFT_COMPILATION_MODE = wholemodule;
				VALIDATE_PRODUCT = YES;
			};
			name = Release;
		};
		AA4D8B482C22ACCA004C5319 /* Debug */ = {
			isa = XCBuildConfiguration;
			buildSettings = {
				ASSETCATALOG_COMPILER_APPICON_NAME = AppIcon;
				ASSETCATALOG_COMPILER_GLOBAL_ACCENT_COLOR_NAME = AccentColor;
				CODE_SIGN_STYLE = Automatic;
				CURRENT_PROJECT_VERSION = 1;
				DEVELOPMENT_ASSET_PATHS = "\"PBKSSwiftUI/Preview Content\"";
				ENABLE_PREVIEWS = YES;
				GENERATE_INFOPLIST_FILE = YES;
				INFOPLIST_FILE = PBKSSwiftUI/Info.plist;
				INFOPLIST_KEY_UIApplicationSceneManifest_Generation = YES;
				INFOPLIST_KEY_UIApplicationSupportsIndirectInputEvents = YES;
				INFOPLIST_KEY_UILaunchScreen_Generation = YES;
				INFOPLIST_KEY_UISupportedInterfaceOrientations_iPad = "UIInterfaceOrientationPortrait UIInterfaceOrientationPortraitUpsideDown UIInterfaceOrientationLandscapeLeft UIInterfaceOrientationLandscapeRight";
				INFOPLIST_KEY_UISupportedInterfaceOrientations_iPhone = "UIInterfaceOrientationPortrait UIInterfaceOrientationLandscapeLeft UIInterfaceOrientationLandscapeRight";
				LD_RUNPATH_SEARCH_PATHS = (
					"$(inherited)",
					"@executable_path/Frameworks",
				);
				MARKETING_VERSION = 1.0;
				PRODUCT_BUNDLE_IDENTIFIER = net.sportzinteractive.PBKSSwiftUI;
				PRODUCT_NAME = "$(TARGET_NAME)";
				SWIFT_EMIT_LOC_STRINGS = YES;
				SWIFT_VERSION = 5.0;
				TARGETED_DEVICE_FAMILY = "1,2";
			};
			name = Debug;
		};
		AA4D8B492C22ACCA004C5319 /* Release */ = {
			isa = XCBuildConfiguration;
			buildSettings = {
				ASSETCATALOG_COMPILER_APPICON_NAME = AppIcon;
				ASSETCATALOG_COMPILER_GLOBAL_ACCENT_COLOR_NAME = AccentColor;
				CODE_SIGN_STYLE = Automatic;
				CURRENT_PROJECT_VERSION = 1;
				DEVELOPMENT_ASSET_PATHS = "\"PBKSSwiftUI/Preview Content\"";
				ENABLE_PREVIEWS = YES;
				GENERATE_INFOPLIST_FILE = YES;
				INFOPLIST_FILE = PBKSSwiftUI/Info.plist;
				INFOPLIST_KEY_UIApplicationSceneManifest_Generation = YES;
				INFOPLIST_KEY_UIApplicationSupportsIndirectInputEvents = YES;
				INFOPLIST_KEY_UILaunchScreen_Generation = YES;
				INFOPLIST_KEY_UISupportedInterfaceOrientations_iPad = "UIInterfaceOrientationPortrait UIInterfaceOrientationPortraitUpsideDown UIInterfaceOrientationLandscapeLeft UIInterfaceOrientationLandscapeRight";
				INFOPLIST_KEY_UISupportedInterfaceOrientations_iPhone = "UIInterfaceOrientationPortrait UIInterfaceOrientationLandscapeLeft UIInterfaceOrientationLandscapeRight";
				LD_RUNPATH_SEARCH_PATHS = (
					"$(inherited)",
					"@executable_path/Frameworks",
				);
				MARKETING_VERSION = 1.0;
				PRODUCT_BUNDLE_IDENTIFIER = net.sportzinteractive.PBKSSwiftUI;
				PRODUCT_NAME = "$(TARGET_NAME)";
				SWIFT_EMIT_LOC_STRINGS = YES;
				SWIFT_VERSION = 5.0;
				TARGETED_DEVICE_FAMILY = "1,2";
			};
			name = Release;
		};
/* End XCBuildConfiguration section */

/* Begin XCConfigurationList section */
		AA4D8B342C22ACC9004C5319 /* Build configuration list for PBXProject "PBKSSwiftUI" */ = {
			isa = XCConfigurationList;
			buildConfigurations = (
				AA4D8B452C22ACCA004C5319 /* Debug */,
				AA4D8B462C22ACCA004C5319 /* Release */,
			);
			defaultConfigurationIsVisible = 0;
			defaultConfigurationName = Release;
		};
		AA4D8B472C22ACCA004C5319 /* Build configuration list for PBXNativeTarget "PBKSSwiftUI" */ = {
			isa = XCConfigurationList;
			buildConfigurations = (
				AA4D8B482C22ACCA004C5319 /* Debug */,
				AA4D8B492C22ACCA004C5319 /* Release */,
			);
			defaultConfigurationIsVisible = 0;
			defaultConfigurationName = Release;
		};
/* End XCConfigurationList section */

/* Begin XCRemoteSwiftPackageReference section */
		AAE8A6402DCA29EB004C9D90 /* XCRemoteSwiftPackageReference "brightcove-player-sdk-ios" */ = {
			isa = XCRemoteSwiftPackageReference;
			repositoryURL = "https://github.com/brightcove/brightcove-player-sdk-ios.git";
			requirement = {
				branch = master;
				kind = branch;
			};
		};
		AAE8A6472DCB38AF004C9D90 /* XCRemoteSwiftPackageReference "youtube-ios-player-helper" */ = {
			isa = XCRemoteSwiftPackageReference;
			repositoryURL = "https://github.com/youtube/youtube-ios-player-helper";
			requirement = {
				branch = master;
				kind = branch;
			};
		};
/* End XCRemoteSwiftPackageReference section */

/* Begin XCSwiftPackageProductDependency section */
		AAE8A6412DCA29EB004C9D90 /* BrightcovePlayerSDK */ = {
			isa = XCSwiftPackageProductDependency;
			package = AAE8A6402DCA29EB004C9D90 /* XCRemoteSwiftPackageReference "brightcove-player-sdk-ios" */;
			productName = BrightcovePlayerSDK;
		};
		AAE8A6482DCB38AF004C9D90 /* YouTubeiOSPlayerHelper */ = {
			isa = XCSwiftPackageProductDependency;
			package = AAE8A6472DCB38AF004C9D90 /* XCRemoteSwiftPackageReference "youtube-ios-player-helper" */;
			productName = YouTubeiOSPlayerHelper;
		};
/* End XCSwiftPackageProductDependency section */
	};
	rootObject = AA4D8B312C22ACC9004C5319 /* Project object */;
}
